
Microsoft Visual Studio Solution File, Format Version 12.00
# Visual Studio Version 16
VisualStudioVersion = 25.0.1706.1
MinimumVisualStudioVersion = 10.0.40219.1
Project("{FAE04EC0-301F-11D3-BF4B-00C04F79EFBC}") = "1", "1\1.csproj", "{3F21FD53-8C0B-4920-900B-CA5933E3C886}"
EndProject
Global
	GlobalSection(SolutionConfigurationPlatforms) = preSolution
		Debug|Any CPU = Debug|Any CPU
		Release|Any CPU = Release|Any CPU
	EndGlobalSection
	GlobalSection(ProjectConfigurationPlatforms) = postSolution
		{3F21FD53-8C0B-4920-900B-CA5933E3C886}.Debug|Any CPU.ActiveCfg = Debug|Any CPU
		{3F21FD53-8C0B-4920-900B-CA5933E3C886}.Debug|Any CPU.Build.0 = Debug|Any CPU
		{3F21FD53-8C0B-4920-900B-CA5933E3C886}.Release|Any CPU.ActiveCfg = Release|Any CPU
		{3F21FD53-8C0B-4920-900B-CA5933E3C886}.Release|Any CPU.Build.0 = Release|Any CPU
	EndGlobalSection
	GlobalSection(SolutionProperties) = preSolution
		HideSolutionNode = FALSE
	EndGlobalSection
	GlobalSection(ExtensibilityGlobals) = postSolution
		SolutionGuid = {AD24390C-8242-40F1-9A67-0CF544C06E55}
	EndGlobalSection
EndGlobal
